
Microsoft Visual Studio Solution File, Format Version 12.00
# Visual Studio Version 16
VisualStudioVersion = 16.0.31313.79
MinimumVisualStudioVersion = 10.0.40219.1
Project("{FAE04EC0-301F-11D3-BF4B-00C04F79EFBC}") = "KutuphaneTakipSistemi", "KutuphaneTakipSistemi.csproj", "{80CCF68E-0A5F-48AB-BDE3-7CAAC1C22812}"
EndProject
Global
	GlobalSection(SolutionConfigurationPlatforms) = preSolution
		Debug|Any CPU = Debug|Any CPU
		Release|Any CPU = Release|Any CPU
	EndGlobalSection
	GlobalSection(ProjectConfigurationPlatforms) = postSolution
		{80CCF68E-0A5F-48AB-BDE3-7CAAC1C22812}.Debug|Any CPU.ActiveCfg = Debug|Any CPU
		{80CCF68E-0A5F-48AB-BDE3-7CAAC1C22812}.Debug|Any CPU.Build.0 = Debug|Any CPU
		{80CCF68E-0A5F-48AB-BDE3-7CAAC1C22812}.Release|Any CPU.ActiveCfg = Release|Any CPU
		{80CCF68E-0A5F-48AB-BDE3-7CAAC1C22812}.Release|Any CPU.Build.0 = Release|Any CPU
	EndGlobalSection
	GlobalSection(SolutionProperties) = preSolution
		HideSolutionNode = FALSE
	EndGlobalSection
	GlobalSection(ExtensibilityGlobals) = postSolution
		SolutionGuid = {122741B5-8CF6-4E3D-B6C2-47E4033B0BCA}
	EndGlobalSection
EndGlobal
